{
  "originHash" : "a5ff8d43b2712ccadc5c1b9765e75f6a6fd02f031116f1f3ec8eb15501da890a",
  "pins" : [
    {
      "identity" : "kingfisher",
      "kind" : "remoteSourceControl",
      "location" : "https://github.com/onevcat/Kingfisher",
      "state" : {
        "revision" : "c92b84898e34ab46ff0dad86c02a0acbe2d87008",
        "version" : "8.8.0"
      }
    },
    {
      "identity" : "mux-stats-sdk-avplayer",
      "kind" : "remoteSourceControl",
      "location" : "https://github.com/muxinc/mux-stats-sdk-avplayer",
      "state" : {
        "branch" : "master",
        "revision" : "a8c04056f331218959fff89c9d249d7db6ecc73d"
      }
    },
    {
      "identity" : "stats-sdk-objc",
      "kind" : "remoteSourceControl",
      "location" : "https://github.com/muxinc/stats-sdk-objc.git",
      "state" : {
        "revision" : "aba0b57a2fb75e154848b30ad8ec07283b520b75",
        "version" : "5.11.0"
      }
    }
  ],
  "version" : 3
}
